// !$*UTF8*$!
{
	archiveVersion = 1;
	classes = {
	};
	objectVersion = 55;
	objects = {

/* Begin PBXBuildFile section */
		66EC65CE902CCD74C075D5F2 /* Pods_PokemonApp_PokemonAppUITests.framework in Frameworks */ = {isa = PBXBuildFile; fileRef = 9E8C5F62147359A853AEF5D0 /* Pods_PokemonApp_PokemonAppUITests.framework */; };
		84761770282B6886005A7E03 /* PokemonImageView.swift in Sources */ = {isa = PBXBuildFile; fileRef = 8476176F282B6886005A7E03 /* PokemonImageView.swift */; };
		84761772282B68AA005A7E03 /* PokemonImageViewModel.swift in Sources */ = {isa = PBXBuildFile; fileRef = 84761771282B68AA005A7E03 /* PokemonImageViewModel.swift */; };
		84761774282B6944005A7E03 /* PokemonBagView.swift in Sources */ = {isa = PBXBuildFile; fileRef = 84761773282B6944005A7E03 /* PokemonBagView.swift */; };
		84761776282B6969005A7E03 /* PokemonBagViewModel.swift in Sources */ = {isa = PBXBuildFile; fileRef = 84761775282B6969005A7E03 /* PokemonBagViewModel.swift */; };
		84761778282B69C1005A7E03 /* PokemonBagCellView.swift in Sources */ = {isa = PBXBuildFile; fileRef = 84761777282B69C1005A7E03 /* PokemonBagCellView.swift */; };
		8476177B282B69F5005A7E03 /* PokemonModel.swift in Sources */ = {isa = PBXBuildFile; fileRef = 8476177A282B69F5005A7E03 /* PokemonModel.swift */; };
		8476177D282B8BA5005A7E03 /* PokemonDetailView.swift in Sources */ = {isa = PBXBuildFile; fileRef = 8476177C282B8BA5005A7E03 /* PokemonDetailView.swift */; };
		8476178A282B95B8005A7E03 /* JSONParser.swift in Sources */ = {isa = PBXBuildFile; fileRef = 84761782282B95B7005A7E03 /* JSONParser.swift */; };
		8476178B282B95B8005A7E03 /* URLRequest+Extension.swift in Sources */ = {isa = PBXBuildFile; fileRef = 84761783282B95B8005A7E03 /* URLRequest+Extension.swift */; };
		8476178C282B95B8005A7E03 /* HTTPClient.swift in Sources */ = {isa = PBXBuildFile; fileRef = 84761784282B95B8005A7E03 /* HTTPClient.swift */; };
		8476178D282B95B8005A7E03 /* Handler.swift in Sources */ = {isa = PBXBuildFile; fileRef = 84761785282B95B8005A7E03 /* Handler.swift */; };
		8476178E282B95B8005A7E03 /* HTTPMethod.swift in Sources */ = {isa = PBXBuildFile; fileRef = 84761786282B95B8005A7E03 /* HTTPMethod.swift */; };
		8476178F282B95B8005A7E03 /* HTTPClientRequestable.swift in Sources */ = {isa = PBXBuildFile; fileRef = 84761787282B95B8005A7E03 /* HTTPClientRequestable.swift */; };
		84761790282B95B8005A7E03 /* Networking.swift in Sources */ = {isa = PBXBuildFile; fileRef = 84761788282B95B8005A7E03 /* Networking.swift */; };
		84761791282B95B8005A7E03 /* NetworkRequestable.swift in Sources */ = {isa = PBXBuildFile; fileRef = 84761789282B95B8005A7E03 /* NetworkRequestable.swift */; };
		84761794282BA493005A7E03 /* PokemonServices.swift in Sources */ = {isa = PBXBuildFile; fileRef = 84761793282BA493005A7E03 /* PokemonServices.swift */; };
		84A918CD282ADA08005AB322 /* PokemonAppApp.swift in Sources */ = {isa = PBXBuildFile; fileRef = 84A918CC282ADA08005AB322 /* PokemonAppApp.swift */; };
		84A918CF282ADA08005AB322 /* ContentView.swift in Sources */ = {isa = PBXBuildFile; fileRef = 84A918CE282ADA08005AB322 /* ContentView.swift */; };
		84A918D1282ADA09005AB322 /* Assets.xcassets in Resources */ = {isa = PBXBuildFile; fileRef = 84A918D0282ADA09005AB322 /* Assets.xcassets */; };
		84A918D4282ADA09005AB322 /* Preview Assets.xcassets in Resources */ = {isa = PBXBuildFile; fileRef = 84A918D3282ADA09005AB322 /* Preview Assets.xcassets */; };
		84A918DE282ADA09005AB322 /* PokemonAppTests.swift in Sources */ = {isa = PBXBuildFile; fileRef = 84A918DD282ADA09005AB322 /* PokemonAppTests.swift */; };
		84A918E8282ADA09005AB322 /* PokemonAppUITests.swift in Sources */ = {isa = PBXBuildFile; fileRef = 84A918E7282ADA09005AB322 /* PokemonAppUITests.swift */; };
		84A918EA282ADA09005AB322 /* PokemonAppUITestsLaunchTests.swift in Sources */ = {isa = PBXBuildFile; fileRef = 84A918E9282ADA09005AB322 /* PokemonAppUITestsLaunchTests.swift */; };
		84A918F7282AE59C005AB322 /* Utility.swift in Sources */ = {isa = PBXBuildFile; fileRef = 84A918F6282AE59C005AB322 /* Utility.swift */; };
		84A918F9282AE5C2005AB322 /* ContentViewModel.swift in Sources */ = {isa = PBXBuildFile; fileRef = 84A918F8282AE5C2005AB322 /* ContentViewModel.swift */; };
		A13DDF078AF2F4AF329F31D4 /* Pods_PokemonAppTests.framework in Frameworks */ = {isa = PBXBuildFile; fileRef = CCC716CF9A2E26ACEEE5CC5E /* Pods_PokemonAppTests.framework */; };
		F1545AD667A452FB0A454CB2 /* Pods_PokemonApp.framework in Frameworks */ = {isa = PBXBuildFile; fileRef = E0462E8FF1773B68EC07258E /* Pods_PokemonApp.framework */; };
/* End PBXBuildFile section */

/* Begin PBXContainerItemProxy section */
		84A918DA282ADA09005AB322 /* PBXContainerItemProxy */ = {
			isa = PBXContainerItemProxy;
			containerPortal = 84A918C1282ADA08005AB322 /* Project object */;
			proxyType = 1;
			remoteGlobalIDString = 84A918C8282ADA08005AB322;
			remoteInfo = PokemonApp;
		};
		84A918E4282ADA09005AB322 /* PBXContainerItemProxy */ = {
			isa = PBXContainerItemProxy;
			containerPortal = 84A918C1282ADA08005AB322 /* Project object */;
			proxyType = 1;
			remoteGlobalIDString = 84A918C8282ADA08005AB322;
			remoteInfo = PokemonApp;
		};
/* End PBXContainerItemProxy section */

/* Begin PBXFileReference section */
		4C557140924A077331682C3B /* Pods-PokemonApp.release.xcconfig */ = {isa = PBXFileReference; includeInIndex = 1; lastKnownFileType = text.xcconfig; name = "Pods-PokemonApp.release.xcconfig"; path = "Target Support Files/Pods-PokemonApp/Pods-PokemonApp.release.xcconfig"; sourceTree = "<group>"; };
		5C61D39B04300B61D9E13E05 /* Pods-PokemonAppTests.debug.xcconfig */ = {isa = PBXFileReference; includeInIndex = 1; lastKnownFileType = text.xcconfig; name = "Pods-PokemonAppTests.debug.xcconfig"; path = "Target Support Files/Pods-PokemonAppTests/Pods-PokemonAppTests.debug.xcconfig"; sourceTree = "<group>"; };
		73A9987A7165C951A7345EFF /* Pods-PokemonApp.debug.xcconfig */ = {isa = PBXFileReference; includeInIndex = 1; lastKnownFileType = text.xcconfig; name = "Pods-PokemonApp.debug.xcconfig"; path = "Target Support Files/Pods-PokemonApp/Pods-PokemonApp.debug.xcconfig"; sourceTree = "<group>"; };
		8476176F282B6886005A7E03 /* PokemonImageView.swift */ = {isa = PBXFileReference; lastKnownFileType = sourcecode.swift; path = PokemonImageView.swift; sourceTree = "<group>"; };
		84761771282B68AA005A7E03 /* PokemonImageViewModel.swift */ = {isa = PBXFileReference; lastKnownFileType = sourcecode.swift; path = PokemonImageViewModel.swift; sourceTree = "<group>"; };
		84761773282B6944005A7E03 /* PokemonBagView.swift */ = {isa = PBXFileReference; lastKnownFileType = sourcecode.swift; path = PokemonBagView.swift; sourceTree = "<group>"; };
		84761775282B6969005A7E03 /* PokemonBagViewModel.swift */ = {isa = PBXFileReference; lastKnownFileType = sourcecode.swift; path = PokemonBagViewModel.swift; sourceTree = "<group>"; };
		84761777282B69C1005A7E03 /* PokemonBagCellView.swift */ = {isa = PBXFileReference; lastKnownFileType = sourcecode.swift; path = PokemonBagCellView.swift; sourceTree = "<group>"; };
		8476177A282B69F5005A7E03 /* PokemonModel.swift */ = {isa = PBXFileReference; lastKnownFileType = sourcecode.swift; path = PokemonModel.swift; sourceTree = "<group>"; };
		8476177C282B8BA5005A7E03 /* PokemonDetailView.swift */ = {isa = PBXFileReference; lastKnownFileType = sourcecode.swift; path = PokemonDetailView.swift; sourceTree = "<group>"; };
		84761782282B95B7005A7E03 /* JSONParser.swift */ = {isa = PBXFileReference; fileEncoding = 4; lastKnownFileType = sourcecode.swift; path = JSONParser.swift; sourceTree = "<group>"; };
		84761783282B95B8005A7E03 /* URLRequest+Extension.swift */ = {isa = PBXFileReference; fileEncoding = 4; lastKnownFileType = sourcecode.swift; path = "URLRequest+Extension.swift"; sourceTree = "<group>"; };
		84761784282B95B8005A7E03 /* HTTPClient.swift */ = {isa = PBXFileReference; fileEncoding = 4; lastKnownFileType = sourcecode.swift; path = HTTPClient.swift; sourceTree = "<group>"; };
		84761785282B95B8005A7E03 /* Handler.swift */ = {isa = PBXFileReference; fileEncoding = 4; lastKnownFileType = sourcecode.swift; path = Handler.swift; sourceTree = "<group>"; };
		84761786282B95B8005A7E03 /* HTTPMethod.swift */ = {isa = PBXFileReference; fileEncoding = 4; lastKnownFileType = sourcecode.swift; path = HTTPMethod.swift; sourceTree = "<group>"; };
		84761787282B95B8005A7E03 /* HTTPClientRequestable.swift */ = {isa = PBXFileReference; fileEncoding = 4; lastKnownFileType = sourcecode.swift; path = HTTPClientRequestable.swift; sourceTree = "<group>"; };
		84761788282B95B8005A7E03 /* Networking.swift */ = {isa = PBXFileReference; fileEncoding = 4; lastKnownFileType = sourcecode.swift; path = Networking.swift; sourceTree = "<group>"; };
		84761789282B95B8005A7E03 /* NetworkRequestable.swift */ = {isa = PBXFileReference; fileEncoding = 4; lastKnownFileType = sourcecode.swift; path = NetworkRequestable.swift; sourceTree = "<group>"; };
		84761793282BA493005A7E03 /* PokemonServices.swift */ = {isa = PBXFileReference; lastKnownFileType = sourcecode.swift; path = PokemonServices.swift; sourceTree = "<group>"; };
		84A918C9282ADA08005AB322 /* PokemonApp.app */ = {isa = PBXFileReference; explicitFileType = wrapper.application; includeInIndex = 0; path = PokemonApp.app; sourceTree = BUILT_PRODUCTS_DIR; };
		84A918CC282ADA08005AB322 /* PokemonAppApp.swift */ = {isa = PBXFileReference; lastKnownFileType = sourcecode.swift; path = PokemonAppApp.swift; sourceTree = "<group>"; };
		84A918CE282ADA08005AB322 /* ContentView.swift */ = {isa = PBXFileReference; lastKnownFileType = sourcecode.swift; path = ContentView.swift; sourceTree = "<group>"; };
		84A918D0282ADA09005AB322 /* Assets.xcassets */ = {isa = PBXFileReference; lastKnownFileType = folder.assetcatalog; path = Assets.xcassets; sourceTree = "<group>"; };
		84A918D3282ADA09005AB322 /* Preview Assets.xcassets */ = {isa = PBXFileReference; lastKnownFileType = folder.assetcatalog; path = "Preview Assets.xcassets"; sourceTree = "<group>"; };
		84A918D9282ADA09005AB322 /* PokemonAppTests.xctest */ = {isa = PBXFileReference; explicitFileType = wrapper.cfbundle; includeInIndex = 0; path = PokemonAppTests.xctest; sourceTree = BUILT_PRODUCTS_DIR; };
		84A918DD282ADA09005AB322 /* PokemonAppTests.swift */ = {isa = PBXFileReference; lastKnownFileType = sourcecode.swift; path = PokemonAppTests.swift; sourceTree = "<group>"; };
		84A918E3282ADA09005AB322 /* PokemonAppUITests.xctest */ = {isa = PBXFileReference; explicitFileType = wrapper.cfbundle; includeInIndex = 0; path = PokemonAppUITests.xctest; sourceTree = BUILT_PRODUCTS_DIR; };
		84A918E7282ADA09005AB322 /* PokemonAppUITests.swift */ = {isa = PBXFileReference; lastKnownFileType = sourcecode.swift; path = PokemonAppUITests.swift; sourceTree = "<group>"; };
		84A918E9282ADA09005AB322 /* PokemonAppUITestsLaunchTests.swift */ = {isa = PBXFileReference; lastKnownFileType = sourcecode.swift; path = PokemonAppUITestsLaunchTests.swift; sourceTree = "<group>"; };
		84A918F6282AE59C005AB322 /* Utility.swift */ = {isa = PBXFileReference; lastKnownFileType = sourcecode.swift; path = Utility.swift; sourceTree = "<group>"; };
		84A918F8282AE5C2005AB322 /* ContentViewModel.swift */ = {isa = PBXFileReference; lastKnownFileType = sourcecode.swift; path = ContentViewModel.swift; sourceTree = "<group>"; };
		9E8C5F62147359A853AEF5D0 /* Pods_PokemonApp_PokemonAppUITests.framework */ = {isa = PBXFileReference; explicitFileType = wrapper.framework; includeInIndex = 0; path = Pods_PokemonApp_PokemonAppUITests.framework; sourceTree = BUILT_PRODUCTS_DIR; };
		B8935434F4A48ED92F39301B /* Pods-PokemonApp-PokemonAppUITests.release.xcconfig */ = {isa = PBXFileReference; includeInIndex = 1; lastKnownFileType = text.xcconfig; name = "Pods-PokemonApp-PokemonAppUITests.release.xcconfig"; path = "Target Support Files/Pods-PokemonApp-PokemonAppUITests/Pods-PokemonApp-PokemonAppUITests.release.xcconfig"; sourceTree = "<group>"; };
		C1550106E8EE268D4DB63552 /* Pods-PokemonAppTests.release.xcconfig */ = {isa = PBXFileReference; includeInIndex = 1; lastKnownFileType = text.xcconfig; name = "Pods-PokemonAppTests.release.xcconfig"; path = "Target Support Files/Pods-PokemonAppTests/Pods-PokemonAppTests.release.xcconfig"; sourceTree = "<group>"; };
		CCC716CF9A2E26ACEEE5CC5E /* Pods_PokemonAppTests.framework */ = {isa = PBXFileReference; explicitFileType = wrapper.framework; includeInIndex = 0; path = Pods_PokemonAppTests.framework; sourceTree = BUILT_PRODUCTS_DIR; };
		D215DB2E1CB9485777D31793 /* Pods-PokemonApp-PokemonAppUITests.debug.xcconfig */ = {isa = PBXFileReference; includeInIndex = 1; lastKnownFileType = text.xcconfig; name = "Pods-PokemonApp-PokemonAppUITests.debug.xcconfig"; path = "Target Support Files/Pods-PokemonApp-PokemonAppUITests/Pods-PokemonApp-PokemonAppUITests.debug.xcconfig"; sourceTree = "<group>"; };
		E0462E8FF1773B68EC07258E /* Pods_PokemonApp.framework */ = {isa = PBXFileReference; explicitFileType = wrapper.framework; includeInIndex = 0; path = Pods_PokemonApp.framework; sourceTree = BUILT_PRODUCTS_DIR; };
/* End PBXFileReference section */

/* Begin PBXFrameworksBuildPhase section */
		84A918C6282ADA08005AB322 /* Frameworks */ = {
			isa = PBXFrameworksBuildPhase;
			buildActionMask = 2147483647;
			files = (
				F1545AD667A452FB0A454CB2 /* Pods_PokemonApp.framework in Frameworks */,
			);
			runOnlyForDeploymentPostprocessing = 0;
		};
		84A918D6282ADA09005AB322 /* Frameworks */ = {
			isa = PBXFrameworksBuildPhase;
			buildActionMask = 2147483647;
			files = (
				A13DDF078AF2F4AF329F31D4 /* Pods_PokemonAppTests.framework in Frameworks */,
			);
			runOnlyForDeploymentPostprocessing = 0;
		};
		84A918E0282ADA09005AB322 /* Frameworks */ = {
			isa = PBXFrameworksBuildPhase;
			buildActionMask = 2147483647;
			files = (
				66EC65CE902CCD74C075D5F2 /* Pods_PokemonApp_PokemonAppUITests.framework in Frameworks */,
			);
			runOnlyForDeploymentPostprocessing = 0;
		};
/* End PBXFrameworksBuildPhase section */

/* Begin PBXGroup section */
		4272C2DFCF8D6AD8F534FCEB /* Pods */ = {
			isa = PBXGroup;
			children = (
				73A9987A7165C951A7345EFF /* Pods-PokemonApp.debug.xcconfig */,
				4C557140924A077331682C3B /* Pods-PokemonApp.release.xcconfig */,
				D215DB2E1CB9485777D31793 /* Pods-PokemonApp-PokemonAppUITests.debug.xcconfig */,
				B8935434F4A48ED92F39301B /* Pods-PokemonApp-PokemonAppUITests.release.xcconfig */,
				5C61D39B04300B61D9E13E05 /* Pods-PokemonAppTests.debug.xcconfig */,
				C1550106E8EE268D4DB63552 /* Pods-PokemonAppTests.release.xcconfig */,
			);
			name = Pods;
			path = Pods;
			sourceTree = "<group>";
		};
		84761779282B69E3005A7E03 /* Model */ = {
			isa = PBXGroup;
			children = (
				8476177A282B69F5005A7E03 /* PokemonModel.swift */,
			);
			path = Model;
			sourceTree = "<group>";
		};
		8476177E282B92D4005A7E03 /* Views */ = {
			isa = PBXGroup;
			children = (
				84A918CE282ADA08005AB322 /* ContentView.swift */,
				8476176F282B6886005A7E03 /* PokemonImageView.swift */,
				84761773282B6944005A7E03 /* PokemonBagView.swift */,
				84761777282B69C1005A7E03 /* PokemonBagCellView.swift */,
				8476177C282B8BA5005A7E03 /* PokemonDetailView.swift */,
			);
			path = Views;
			sourceTree = "<group>";
		};
		8476177F282B92F7005A7E03 /* ViewModels */ = {
			isa = PBXGroup;
			children = (
				84A918F8282AE5C2005AB322 /* ContentViewModel.swift */,
				84761771282B68AA005A7E03 /* PokemonImageViewModel.swift */,
				84761775282B6969005A7E03 /* PokemonBagViewModel.swift */,
			);
			path = ViewModels;
			sourceTree = "<group>";
		};
		84761780282B9309005A7E03 /* Helpers */ = {
			isa = PBXGroup;
			children = (
				84A918F6282AE59C005AB322 /* Utility.swift */,
			);
			path = Helpers;
			sourceTree = "<group>";
		};
		84761781282B9578005A7E03 /* Networking */ = {
			isa = PBXGroup;
			children = (
				84761785282B95B8005A7E03 /* Handler.swift */,
				84761784282B95B8005A7E03 /* HTTPClient.swift */,
				84761787282B95B8005A7E03 /* HTTPClientRequestable.swift */,
				84761786282B95B8005A7E03 /* HTTPMethod.swift */,
				84761782282B95B7005A7E03 /* JSONParser.swift */,
				84761788282B95B8005A7E03 /* Networking.swift */,
				84761789282B95B8005A7E03 /* NetworkRequestable.swift */,
				84761783282B95B8005A7E03 /* URLRequest+Extension.swift */,
			);
			path = Networking;
			sourceTree = "<group>";
		};
		84761792282BA477005A7E03 /* Services */ = {
			isa = PBXGroup;
			children = (
				84761793282BA493005A7E03 /* PokemonServices.swift */,
			);
			path = Services;
			sourceTree = "<group>";
		};
		84A918C0282ADA08005AB322 = {
			isa = PBXGroup;
			children = (
				84A918CB282ADA08005AB322 /* PokemonApp */,
				84A918DC282ADA09005AB322 /* PokemonAppTests */,
				84A918E6282ADA09005AB322 /* PokemonAppUITests */,
				84A918CA282ADA08005AB322 /* Products */,
				4272C2DFCF8D6AD8F534FCEB /* Pods */,
				D48D2CDA692854263EFDCF08 /* Frameworks */,
			);
			sourceTree = "<group>";
		};
		84A918CA282ADA08005AB322 /* Products */ = {
			isa = PBXGroup;
			children = (
				84A918C9282ADA08005AB322 /* PokemonApp.app */,
				84A918D9282ADA09005AB322 /* PokemonAppTests.xctest */,
				84A918E3282ADA09005AB322 /* PokemonAppUITests.xctest */,
			);
			name = Products;
			sourceTree = "<group>";
		};
		84A918CB282ADA08005AB322 /* PokemonApp */ = {
			isa = PBXGroup;
			children = (
				84761792282BA477005A7E03 /* Services */,
				84761781282B9578005A7E03 /* Networking */,
				84761780282B9309005A7E03 /* Helpers */,
				8476177F282B92F7005A7E03 /* ViewModels */,
				8476177E282B92D4005A7E03 /* Views */,
				84761779282B69E3005A7E03 /* Model */,
				84A918CC282ADA08005AB322 /* PokemonAppApp.swift */,
				84A918D0282ADA09005AB322 /* Assets.xcassets */,
				84A918D2282ADA09005AB322 /* Preview Content */,
			);
			path = PokemonApp;
			sourceTree = "<group>";
		};
		84A918D2282ADA09005AB322 /* Preview Content */ = {
			isa = PBXGroup;
			children = (
				84A918D3282ADA09005AB322 /* Preview Assets.xcassets */,
			);
			path = "Preview Content";
			sourceTree = "<group>";
		};
		84A918DC282ADA09005AB322 /* PokemonAppTests */ = {
			isa = PBXGroup;
			children = (
				84A918DD282ADA09005AB322 /* PokemonAppTests.swift */,
			);
			path = PokemonAppTests;
			sourceTree = "<group>";
		};
		84A918E6282ADA09005AB322 /* PokemonAppUITests */ = {
			isa = PBXGroup;
			children = (
				84A918E7282ADA09005AB322 /* PokemonAppUITests.swift */,
				84A918E9282ADA09005AB322 /* PokemonAppUITestsLaunchTests.swift */,
			);
			path = PokemonAppUITests;
			sourceTree = "<group>";
		};
		D48D2CDA692854263EFDCF08 /* Frameworks */ = {
			isa = PBXGroup;
			children = (
				E0462E8FF1773B68EC07258E /* Pods_PokemonApp.framework */,
				9E8C5F62147359A853AEF5D0 /* Pods_PokemonApp_PokemonAppUITests.framework */,
				CCC716CF9A2E26ACEEE5CC5E /* Pods_PokemonAppTests.framework */,
			);
			name = Frameworks;
			sourceTree = "<group>";
		};
/* End PBXGroup section */

/* Begin PBXNativeTarget section */
		84A918C8282ADA08005AB322 /* PokemonApp */ = {
			isa = PBXNativeTarget;
			buildConfigurationList = 84A918ED282ADA0A005AB322 /* Build configuration list for PBXNativeTarget "PokemonApp" */;
			buildPhases = (
				34964A2FFF27DD0A1950747F /* [CP] Check Pods Manifest.lock */,
				84A918C5282ADA08005AB322 /* Sources */,
				84A918C6282ADA08005AB322 /* Frameworks */,
				84A918C7282ADA08005AB322 /* Resources */,
				1C50287B37063F0469A96834 /* [CP] Embed Pods Frameworks */,
			);
			buildRules = (
			);
			dependencies = (
			);
			name = PokemonApp;
			productName = PokemonApp;
			productReference = 84A918C9282ADA08005AB322 /* PokemonApp.app */;
			productType = "com.apple.product-type.application";
		};
		84A918D8282ADA09005AB322 /* PokemonAppTests */ = {
			isa = PBXNativeTarget;
			buildConfigurationList = 84A918F0282ADA0A005AB322 /* Build configuration list for PBXNativeTarget "PokemonAppTests" */;
			buildPhases = (
				A4CEDAF7E5A20B572DE0E788 /* [CP] Check Pods Manifest.lock */,
				84A918D5282ADA09005AB322 /* Sources */,
				84A918D6282ADA09005AB322 /* Frameworks */,
				84A918D7282ADA09005AB322 /* Resources */,
				4E299193FF9A84F6F1740201 /* [CP] Embed Pods Frameworks */,
			);
			buildRules = (
			);
			dependencies = (
				84A918DB282ADA09005AB322 /* PBXTargetDependency */,
			);
			name = PokemonAppTests;
			productName = PokemonAppTests;
			productReference = 84A918D9282ADA09005AB322 /* PokemonAppTests.xctest */;
			productType = "com.apple.product-type.bundle.unit-test";
		};
		84A918E2282ADA09005AB322 /* PokemonAppUITests */ = {
			isa = PBXNativeTarget;
			buildConfigurationList = 84A918F3282ADA0A005AB322 /* Build configuration list for PBXNativeTarget "PokemonAppUITests" */;
			buildPhases = (
				28C6DA73D530D3D12F7C9FBC /* [CP] Check Pods Manifest.lock */,
				84A918DF282ADA09005AB322 /* Sources */,
				84A918E0282ADA09005AB322 /* Frameworks */,
				84A918E1282ADA09005AB322 /* Resources */,
				63F67212B4C6F2C002BCEC3D /* [CP] Embed Pods Frameworks */,
			);
			buildRules = (
			);
			dependencies = (
				84A918E5282ADA09005AB322 /* PBXTargetDependency */,
			);
			name = PokemonAppUITests;
			productName = PokemonAppUITests;
			productReference = 84A918E3282ADA09005AB322 /* PokemonAppUITests.xctest */;
			productType = "com.apple.product-type.bundle.ui-testing";
		};
/* End PBXNativeTarget section */

/* Begin PBXProject section */
		84A918C1282ADA08005AB322 /* Project object */ = {
			isa = PBXProject;
			attributes = {
				BuildIndependentTargetsInParallel = 1;
				LastSwiftUpdateCheck = 1320;
				LastUpgradeCheck = 1320;
				TargetAttributes = {
					84A918C8282ADA08005AB322 = {
						CreatedOnToolsVersion = 13.2.1;
					};
					84A918D8282ADA09005AB322 = {
						CreatedOnToolsVersion = 13.2.1;
						TestTargetID = 84A918C8282ADA08005AB322;
					};
					84A918E2282ADA09005AB322 = {
						CreatedOnToolsVersion = 13.2.1;
						TestTargetID = 84A918C8282ADA08005AB322;
					};
				};
			};
			buildConfigurationList = 84A918C4282ADA08005AB322 /* Build configuration list for PBXProject "PokemonApp" */;
			compatibilityVersion = "Xcode 13.0";
			developmentRegion = en;
			hasScannedForEncodings = 0;
			knownRegions = (
				en,
				Base,
			);
			mainGroup = 84A918C0282ADA08005AB322;
			productRefGroup = 84A918CA282ADA08005AB322 /* Products */;
			projectDirPath = "";
			projectRoot = "";
			targets = (
				84A918C8282ADA08005AB322 /* PokemonApp */,
				84A918D8282ADA09005AB322 /* PokemonAppTests */,
				84A918E2282ADA09005AB322 /* PokemonAppUITests */,
			);
		};
/* End PBXProject section */

/* Begin PBXResourcesBuildPhase section */
		84A918C7282ADA08005AB322 /* Resources */ = {
			isa = PBXResourcesBuildPhase;
			buildActionMask = 2147483647;
			files = (
				84A918D4282ADA09005AB322 /* Preview Assets.xcassets in Resources */,
				84A918D1282ADA09005AB322 /* Assets.xcassets in Resources */,
			);
			runOnlyForDeploymentPostprocessing = 0;
		};
		84A918D7282ADA09005AB322 /* Resources */ = {
			isa = PBXResourcesBuildPhase;
			buildActionMask = 2147483647;
			files = (
			);
			runOnlyForDeploymentPostprocessing = 0;
		};
		84A918E1282ADA09005AB322 /* Resources */ = {
			isa = PBXResourcesBuildPhase;
			buildActionMask = 2147483647;
			files = (
			);
			runOnlyForDeploymentPostprocessing = 0;
		};
/* End PBXResourcesBuildPhase section */

/* Begin PBXShellScriptBuildPhase section */
		1C50287B37063F0469A96834 /* [CP] Embed Pods Frameworks */ = {
			isa = PBXShellScriptBuildPhase;
			buildActionMask = 2147483647;
			files = (
			);
			inputFileListPaths = (
				"${PODS_ROOT}/Target Support Files/Pods-PokemonApp/Pods-PokemonApp-frameworks-${CONFIGURATION}-input-files.xcfilelist",
			);
			name = "[CP] Embed Pods Frameworks";
			outputFileListPaths = (
				"${PODS_ROOT}/Target Support Files/Pods-PokemonApp/Pods-PokemonApp-frameworks-${CONFIGURATION}-output-files.xcfilelist",
			);
			runOnlyForDeploymentPostprocessing = 0;
			shellPath = /bin/sh;
			shellScript = "\"${PODS_ROOT}/Target Support Files/Pods-PokemonApp/Pods-PokemonApp-frameworks.sh\"\n";
			showEnvVarsInLog = 0;
		};
		28C6DA73D530D3D12F7C9FBC /* [CP] Check Pods Manifest.lock */ = {
			isa = PBXShellScriptBuildPhase;
			buildActionMask = 2147483647;
			files = (
			);
			inputFileListPaths = (
			);
			inputPaths = (
				"${PODS_PODFILE_DIR_PATH}/Podfile.lock",
				"${PODS_ROOT}/Manifest.lock",
			);
			name = "[CP] Check Pods Manifest.lock";
			outputFileListPaths = (
			);
			outputPaths = (
				"$(DERIVED_FILE_DIR)/Pods-PokemonApp-PokemonAppUITests-checkManifestLockResult.txt",
			);
			runOnlyForDeploymentPostprocessing = 0;
			shellPath = /bin/sh;
			shellScript = "diff \"${PODS_PODFILE_DIR_PATH}/Podfile.lock\" \"${PODS_ROOT}/Manifest.lock\" > /dev/null\nif [ $? != 0 ] ; then\n    # print error to STDERR\n    echo \"error: The sandbox is not in sync with the Podfile.lock. Run 'pod install' or update your CocoaPods installation.\" >&2\n    exit 1\nfi\n# This output is used by Xcode 'outputs' to avoid re-running this script phase.\necho \"SUCCESS\" > \"${SCRIPT_OUTPUT_FILE_0}\"\n";
			showEnvVarsInLog = 0;
		};
		34964A2FFF27DD0A1950747F /* [CP] Check Pods Manifest.lock */ = {
			isa = PBXShellScriptBuildPhase;
			buildActionMask = 2147483647;
			files = (
			);
			inputFileListPaths = (
			);
			inputPaths = (
				"${PODS_PODFILE_DIR_PATH}/Podfile.lock",
				"${PODS_ROOT}/Manifest.lock",
			);
			name = "[CP] Check Pods Manifest.lock";
			outputFileListPaths = (
			);
			outputPaths = (
				"$(DERIVED_FILE_DIR)/Pods-PokemonApp-checkManifestLockResult.txt",
			);
			runOnlyForDeploymentPostprocessing = 0;
			shellPath = /bin/sh;
			shellScript = "diff \"${PODS_PODFILE_DIR_PATH}/Podfile.lock\" \"${PODS_ROOT}/Manifest.lock\" > /dev/null\nif [ $? != 0 ] ; then\n    # print error to STDERR\n    echo \"error: The sandbox is not in sync with the Podfile.lock. Run 'pod install' or update your CocoaPods installation.\" >&2\n    exit 1\nfi\n# This output is used by Xcode 'outputs' to avoid re-running this script phase.\necho \"SUCCESS\" > \"${SCRIPT_OUTPUT_FILE_0}\"\n";
			showEnvVarsInLog = 0;
		};
		4E299193FF9A84F6F1740201 /* [CP] Embed Pods Frameworks */ = {
			isa = PBXShellScriptBuildPhase;
			buildActionMask = 2147483647;
			files = (
			);
			inputFileListPaths = (
				"${PODS_ROOT}/Target Support Files/Pods-PokemonAppTests/Pods-PokemonAppTests-frameworks-${CONFIGURATION}-input-files.xcfilelist",
			);
			name = "[CP] Embed Pods Frameworks";
			outputFileListPaths = (
				"${PODS_ROOT}/Target Support Files/Pods-PokemonAppTests/Pods-PokemonAppTests-frameworks-${CONFIGURATION}-output-files.xcfilelist",
			);
			runOnlyForDeploymentPostprocessing = 0;
			shellPath = /bin/sh;
			shellScript = "\"${PODS_ROOT}/Target Support Files/Pods-PokemonAppTests/Pods-PokemonAppTests-frameworks.sh\"\n";
			showEnvVarsInLog = 0;
		};
		63F67212B4C6F2C002BCEC3D /* [CP] Embed Pods Frameworks */ = {
			isa = PBXShellScriptBuildPhase;
			buildActionMask = 2147483647;
			files = (
			);
			inputFileListPaths = (
				"${PODS_ROOT}/Target Support Files/Pods-PokemonApp-PokemonAppUITests/Pods-PokemonApp-PokemonAppUITests-frameworks-${CONFIGURATION}-input-files.xcfilelist",
			);
			name = "[CP] Embed Pods Frameworks";
			outputFileListPaths = (
				"${PODS_ROOT}/Target Support Files/Pods-PokemonApp-PokemonAppUITests/Pods-PokemonApp-PokemonAppUITests-frameworks-${CONFIGURATION}-output-files.xcfilelist",
			);
			runOnlyForDeploymentPostprocessing = 0;
			shellPath = /bin/sh;
			shellScript = "\"${PODS_ROOT}/Target Support Files/Pods-PokemonApp-PokemonAppUITests/Pods-PokemonApp-PokemonAppUITests-frameworks.sh\"\n";
			showEnvVarsInLog = 0;
		};
		A4CEDAF7E5A20B572DE0E788 /* [CP] Check Pods Manifest.lock */ = {
			isa = PBXShellScriptBuildPhase;
			buildActionMask = 2147483647;
			files = (
			);
			inputFileListPaths = (
			);
			inputPaths = (
				"${PODS_PODFILE_DIR_PATH}/Podfile.lock",
				"${PODS_ROOT}/Manifest.lock",
			);
			name = "[CP] Check Pods Manifest.lock";
			outputFileListPaths = (
			);
			outputPaths = (
				"$(DERIVED_FILE_DIR)/Pods-PokemonAppTests-checkManifestLockResult.txt",
			);
			runOnlyForDeploymentPostprocessing = 0;
			shellPath = /bin/sh;
			shellScript = "diff \"${PODS_PODFILE_DIR_PATH}/Podfile.lock\" \"${PODS_ROOT}/Manifest.lock\" > /dev/null\nif [ $? != 0 ] ; then\n    # print error to STDERR\n    echo \"error: The sandbox is not in sync with the Podfile.lock. Run 'pod install' or update your CocoaPods installation.\" >&2\n    exit 1\nfi\n# This output is used by Xcode 'outputs' to avoid re-running this script phase.\necho \"SUCCESS\" > \"${SCRIPT_OUTPUT_FILE_0}\"\n";
			showEnvVarsInLog = 0;
		};
/* End PBXShellScriptBuildPhase section */

/* Begin PBXSourcesBuildPhase section */
		84A918C5282ADA08005AB322 /* Sources */ = {
			isa = PBXSourcesBuildPhase;
			buildActionMask = 2147483647;
			files = (
				84A918F9282AE5C2005AB322 /* ContentViewModel.swift in Sources */,
				8476178F282B95B8005A7E03 /* HTTPClientRequestable.swift in Sources */,
				84A918CF282ADA08005AB322 /* ContentView.swift in Sources */,
				84761790282B95B8005A7E03 /* Networking.swift in Sources */,
				8476178A282B95B8005A7E03 /* JSONParser.swift in Sources */,
				8476178D282B95B8005A7E03 /* Handler.swift in Sources */,
				84A918CD282ADA08005AB322 /* PokemonAppApp.swift in Sources */,
				84761778282B69C1005A7E03 /* PokemonBagCellView.swift in Sources */,
				84761776282B6969005A7E03 /* PokemonBagViewModel.swift in Sources */,
				8476177D282B8BA5005A7E03 /* PokemonDetailView.swift in Sources */,
				8476177B282B69F5005A7E03 /* PokemonModel.swift in Sources */,
				84A918F7282AE59C005AB322 /* Utility.swift in Sources */,
				8476178B282B95B8005A7E03 /* URLRequest+Extension.swift in Sources */,
				84761791282B95B8005A7E03 /* NetworkRequestable.swift in Sources */,
				8476178C282B95B8005A7E03 /* HTTPClient.swift in Sources */,
				8476178E282B95B8005A7E03 /* HTTPMethod.swift in Sources */,
				84761772282B68AA005A7E03 /* PokemonImageViewModel.swift in Sources */,
				84761794282BA493005A7E03 /* PokemonServices.swift in Sources */,
				84761770282B6886005A7E03 /* PokemonImageView.swift in Sources */,
				84761774282B6944005A7E03 /* PokemonBagView.swift in Sources */,
			);
			runOnlyForDeploymentPostprocessing = 0;
		};
		84A918D5282ADA09005AB322 /* Sources */ = {
			isa = PBXSourcesBuildPhase;
			buildActionMask = 2147483647;
			files = (
				84A918DE282ADA09005AB322 /* PokemonAppTests.swift in Sources */,
			);
			runOnlyForDeploymentPostprocessing = 0;
		};
		84A918DF282ADA09005AB322 /* Sources */ = {
			isa = PBXSourcesBuildPhase;
			buildActionMask = 2147483647;
			files = (
				84A918EA282ADA09005AB322 /* PokemonAppUITestsLaunchTests.swift in Sources */,
				84A918E8282ADA09005AB322 /* PokemonAppUITests.swift in Sources */,
			);
			runOnlyForDeploymentPostprocessing = 0;
		};
/* End PBXSourcesBuildPhase section */

/* Begin PBXTargetDependency section */
		84A918DB282ADA09005AB322 /* PBXTargetDependency */ = {
			isa = PBXTargetDependency;
			target = 84A918C8282ADA08005AB322 /* PokemonApp */;
			targetProxy = 84A918DA282ADA09005AB322 /* PBXContainerItemProxy */;
		};
		84A918E5282ADA09005AB322 /* PBXTargetDependency */ = {
			isa = PBXTargetDependency;
			target = 84A918C8282ADA08005AB322 /* PokemonApp */;
			targetProxy = 84A918E4282ADA09005AB322 /* PBXContainerItemProxy */;
		};
/* End PBXTargetDependency section */

/* Begin XCBuildConfiguration section */
		84A918EB282ADA0A005AB322 /* Debug */ = {
			isa = XCBuildConfiguration;
			buildSettings = {
				ALWAYS_SEARCH_USER_PATHS = NO;
				CLANG_ANALYZER_NONNULL = YES;
				CLANG_ANALYZER_NUMBER_OBJECT_CONVERSION = YES_AGGRESSIVE;
				CLANG_CXX_LANGUAGE_STANDARD = "gnu++17";
				CLANG_CXX_LIBRARY = "libc++";
				CLANG_ENABLE_MODULES = YES;
				CLANG_ENABLE_OBJC_ARC = YES;
				CLANG_ENABLE_OBJC_WEAK = YES;
				CLANG_WARN_BLOCK_CAPTURE_AUTORELEASING = YES;
				CLANG_WARN_BOOL_CONVERSION = YES;
				CLANG_WARN_COMMA = YES;
				CLANG_WARN_CONSTANT_CONVERSION = YES;
				CLANG_WARN_DEPRECATED_OBJC_IMPLEMENTATIONS = YES;
				CLANG_WARN_DIRECT_OBJC_ISA_USAGE = YES_ERROR;
				CLANG_WARN_DOCUMENTATION_COMMENTS = YES;
				CLANG_WARN_EMPTY_BODY = YES;
				CLANG_WARN_ENUM_CONVERSION = YES;
				CLANG_WARN_INFINITE_RECURSION = YES;
				CLANG_WARN_INT_CONVERSION = YES;
				CLANG_WARN_NON_LITERAL_NULL_CONVERSION = YES;
				CLANG_WARN_OBJC_IMPLICIT_RETAIN_SELF = YES;
				CLANG_WARN_OBJC_LITERAL_CONVERSION = YES;
				CLANG_WARN_OBJC_ROOT_CLASS = YES_ERROR;
				CLANG_WARN_QUOTED_INCLUDE_IN_FRAMEWORK_HEADER = YES;
				CLANG_WARN_RANGE_LOOP_ANALYSIS = YES;
				CLANG_WARN_STRICT_PROTOTYPES = YES;
				CLANG_WARN_SUSPICIOUS_MOVE = YES;
				CLANG_WARN_UNGUARDED_AVAILABILITY = YES_AGGRESSIVE;
				CLANG_WARN_UNREACHABLE_CODE = YES;
				CLANG_WARN__DUPLICATE_METHOD_MATCH = YES;
				COPY_PHASE_STRIP = NO;
				DEBUG_INFORMATION_FORMAT = dwarf;
				ENABLE_STRICT_OBJC_MSGSEND = YES;
				ENABLE_TESTABILITY = YES;
				GCC_C_LANGUAGE_STANDARD = gnu11;
				GCC_DYNAMIC_NO_PIC = NO;
				GCC_NO_COMMON_BLOCKS = YES;
				GCC_OPTIMIZATION_LEVEL = 0;
				GCC_PREPROCESSOR_DEFINITIONS = (
					"DEBUG=1",
					"$(inherited)",
				);
				GCC_WARN_64_TO_32_BIT_CONVERSION = YES;
				GCC_WARN_ABOUT_RETURN_TYPE = YES_ERROR;
				GCC_WARN_UNDECLARED_SELECTOR = YES;
				GCC_WARN_UNINITIALIZED_AUTOS = YES_AGGRESSIVE;
				GCC_WARN_UNUSED_FUNCTION = YES;
				GCC_WARN_UNUSED_VARIABLE = YES;
				IPHONEOS_DEPLOYMENT_TARGET = 15.2;
				MTL_ENABLE_DEBUG_INFO = INCLUDE_SOURCE;
				MTL_FAST_MATH = YES;
				ONLY_ACTIVE_ARCH = YES;
				SDKROOT = iphoneos;
				SWIFT_ACTIVE_COMPILATION_CONDITIONS = DEBUG;
				SWIFT_OPTIMIZATION_LEVEL = "-Onone";
			};
			name = Debug;
		};
		84A918EC282ADA0A005AB322 /* Release */ = {
			isa = XCBuildConfiguration;
			buildSettings = {
				ALWAYS_SEARCH_USER_PATHS = NO;
				CLANG_ANALYZER_NONNULL = YES;
				CLANG_ANALYZER_NUMBER_OBJECT_CONVERSION = YES_AGGRESSIVE;
				CLANG_CXX_LANGUAGE_STANDARD = "gnu++17";
				CLANG_CXX_LIBRARY = "libc++";
				CLANG_ENABLE_MODULES = YES;
				CLANG_ENABLE_OBJC_ARC = YES;
				CLANG_ENABLE_OBJC_WEAK = YES;
				CLANG_WARN_BLOCK_CAPTURE_AUTORELEASING = YES;
				CLANG_WARN_BOOL_CONVERSION = YES;
				CLANG_WARN_COMMA = YES;
				CLANG_WARN_CONSTANT_CONVERSION = YES;
				CLANG_WARN_DEPRECATED_OBJC_IMPLEMENTATIONS = YES;
				CLANG_WARN_DIRECT_OBJC_ISA_USAGE = YES_ERROR;
				CLANG_WARN_DOCUMENTATION_COMMENTS = YES;
				CLANG_WARN_EMPTY_BODY = YES;
				CLANG_WARN_ENUM_CONVERSION = YES;
				CLANG_WARN_INFINITE_RECURSION = YES;
				CLANG_WARN_INT_CONVERSION = YES;
				CLANG_WARN_NON_LITERAL_NULL_CONVERSION = YES;
				CLANG_WARN_OBJC_IMPLICIT_RETAIN_SELF = YES;
				CLANG_WARN_OBJC_LITERAL_CONVERSION = YES;
				CLANG_WARN_OBJC_ROOT_CLASS = YES_ERROR;
				CLANG_WARN_QUOTED_INCLUDE_IN_FRAMEWORK_HEADER = YES;
				CLANG_WARN_RANGE_LOOP_ANALYSIS = YES;
				CLANG_WARN_STRICT_PROTOTYPES = YES;
				CLANG_WARN_SUSPICIOUS_MOVE = YES;
				CLANG_WARN_UNGUARDED_AVAILABILITY = YES_AGGRESSIVE;
				CLANG_WARN_UNREACHABLE_CODE = YES;
				CLANG_WARN__DUPLICATE_METHOD_MATCH = YES;
				COPY_PHASE_STRIP = NO;
				DEBUG_INFORMATION_FORMAT = "dwarf-with-dsym";
				ENABLE_NS_ASSERTIONS = NO;
				ENABLE_STRICT_OBJC_MSGSEND = YES;
				GCC_C_LANGUAGE_STANDARD = gnu11;
				GCC_NO_COMMON_BLOCKS = YES;
				GCC_WARN_64_TO_32_BIT_CONVERSION = YES;
				GCC_WARN_ABOUT_RETURN_TYPE = YES_ERROR;
				GCC_WARN_UNDECLARED_SELECTOR = YES;
				GCC_WARN_UNINITIALIZED_AUTOS = YES_AGGRESSIVE;
				GCC_WARN_UNUSED_FUNCTION = YES;
				GCC_WARN_UNUSED_VARIABLE = YES;
				IPHONEOS_DEPLOYMENT_TARGET = 15.2;
				MTL_ENABLE_DEBUG_INFO = NO;
				MTL_FAST_MATH = YES;
				SDKROOT = iphoneos;
				SWIFT_COMPILATION_MODE = wholemodule;
				SWIFT_OPTIMIZATION_LEVEL = "-O";
				VALIDATE_PRODUCT = YES;
			};
			name = Release;
		};
		84A918EE282ADA0A005AB322 /* Debug */ = {
			isa = XCBuildConfiguration;
			baseConfigurationReference = 73A9987A7165C951A7345EFF /* Pods-PokemonApp.debug.xcconfig */;
			buildSettings = {
				ASSETCATALOG_COMPILER_APPICON_NAME = AppIcon;
				ASSETCATALOG_COMPILER_GLOBAL_ACCENT_COLOR_NAME = AccentColor;
				CODE_SIGN_STYLE = Automatic;
				CURRENT_PROJECT_VERSION = 1;
				DEVELOPMENT_ASSET_PATHS = "\"PokemonApp/Preview Content\"";
				DEVELOPMENT_TEAM = 9A52B5VDGU;
				ENABLE_PREVIEWS = YES;
				GENERATE_INFOPLIST_FILE = YES;
				INFOPLIST_KEY_UIApplicationSceneManifest_Generation = YES;
				INFOPLIST_KEY_UIApplicationSupportsIndirectInputEvents = YES;
				INFOPLIST_KEY_UILaunchScreen_Generation = YES;
				INFOPLIST_KEY_UISupportedInterfaceOrientations_iPad = "UIInterfaceOrientationPortrait UIInterfaceOrientationPortraitUpsideDown UIInterfaceOrientationLandscapeLeft UIInterfaceOrientationLandscapeRight";
				INFOPLIST_KEY_UISupportedInterfaceOrientations_iPhone = "UIInterfaceOrientationPortrait UIInterfaceOrientationLandscapeLeft UIInterfaceOrientationLandscapeRight";
				LD_RUNPATH_SEARCH_PATHS = (
					"$(inherited)",
					"@executable_path/Frameworks",
				);
				MARKETING_VERSION = 1.0;
				PRODUCT_BUNDLE_IDENTIFIER = com.PokemonApp.PokemonApp;
				PRODUCT_NAME = "$(TARGET_NAME)";
				SWIFT_EMIT_LOC_STRINGS = YES;
				SWIFT_VERSION = 5.0;
				TARGETED_DEVICE_FAMILY = "1,2";
			};
			name = Debug;
		};
		84A918EF282ADA0A005AB322 /* Release */ = {
			isa = XCBuildConfiguration;
			baseConfigurationReference = 4C557140924A077331682C3B /* Pods-PokemonApp.release.xcconfig */;
			buildSettings = {
				ASSETCATALOG_COMPILER_APPICON_NAME = AppIcon;
				ASSETCATALOG_COMPILER_GLOBAL_ACCENT_COLOR_NAME = AccentColor;
				CODE_SIGN_STYLE = Automatic;
				CURRENT_PROJECT_VERSION = 1;
				DEVELOPMENT_ASSET_PATHS = "\"PokemonApp/Preview Content\"";
				DEVELOPMENT_TEAM = 9A52B5VDGU;
				ENABLE_PREVIEWS = YES;
				GENERATE_INFOPLIST_FILE = YES;
				INFOPLIST_KEY_UIApplicationSceneManifest_Generation = YES;
				INFOPLIST_KEY_UIApplicationSupportsIndirectInputEvents = YES;
				INFOPLIST_KEY_UILaunchScreen_Generation = YES;
				INFOPLIST_KEY_UISupportedInterfaceOrientations_iPad = "UIInterfaceOrientationPortrait UIInterfaceOrientationPortraitUpsideDown UIInterfaceOrientationLandscapeLeft UIInterfaceOrientationLandscapeRight";
				INFOPLIST_KEY_UISupportedInterfaceOrientations_iPhone = "UIInterfaceOrientationPortrait UIInterfaceOrientationLandscapeLeft UIInterfaceOrientationLandscapeRight";
				LD_RUNPATH_SEARCH_PATHS = (
					"$(inherited)",
					"@executable_path/Frameworks",
				);
				MARKETING_VERSION = 1.0;
				PRODUCT_BUNDLE_IDENTIFIER = com.PokemonApp.PokemonApp;
				PRODUCT_NAME = "$(TARGET_NAME)";
				SWIFT_EMIT_LOC_STRINGS = YES;
				SWIFT_VERSION = 5.0;
				TARGETED_DEVICE_FAMILY = "1,2";
			};
			name = Release;
		};
		84A918F1282ADA0A005AB322 /* Debug */ = {
			isa = XCBuildConfiguration;
			baseConfigurationReference = 5C61D39B04300B61D9E13E05 /* Pods-PokemonAppTests.debug.xcconfig */;
			buildSettings = {
				ALWAYS_EMBED_SWIFT_STANDARD_LIBRARIES = YES;
				BUNDLE_LOADER = "$(TEST_HOST)";
				CODE_SIGN_STYLE = Automatic;
				CURRENT_PROJECT_VERSION = 1;
				DEVELOPMENT_TEAM = 9A52B5VDGU;
				GENERATE_INFOPLIST_FILE = YES;
				IPHONEOS_DEPLOYMENT_TARGET = 15.2;
				MARKETING_VERSION = 1.0;
				PRODUCT_BUNDLE_IDENTIFIER = com.PokemonApp.PokemonAppTests;
				PRODUCT_NAME = "$(TARGET_NAME)";
				SWIFT_EMIT_LOC_STRINGS = NO;
				SWIFT_VERSION = 5.0;
				TARGETED_DEVICE_FAMILY = "1,2";
				TEST_HOST = "$(BUILT_PRODUCTS_DIR)/PokemonApp.app/PokemonApp";
			};
			name = Debug;
		};
		84A918F2282ADA0A005AB322 /* Release */ = {
			isa = XCBuildConfiguration;
			baseConfigurationReference = C1550106E8EE268D4DB63552 /* Pods-PokemonAppTests.release.xcconfig */;
			buildSettings = {
				ALWAYS_EMBED_SWIFT_STANDARD_LIBRARIES = YES;
				BUNDLE_LOADER = "$(TEST_HOST)";
				CODE_SIGN_STYLE = Automatic;
				CURRENT_PROJECT_VERSION = 1;
				DEVELOPMENT_TEAM = 9A52B5VDGU;
				GENERATE_INFOPLIST_FILE = YES;
				IPHONEOS_DEPLOYMENT_TARGET = 15.2;
				MARKETING_VERSION = 1.0;
				PRODUCT_BUNDLE_IDENTIFIER = com.PokemonApp.PokemonAppTests;
				PRODUCT_NAME = "$(TARGET_NAME)";
				SWIFT_EMIT_LOC_STRINGS = NO;
				SWIFT_VERSION = 5.0;
				TARGETED_DEVICE_FAMILY = "1,2";
				TEST_HOST = "$(BUILT_PRODUCTS_DIR)/PokemonApp.app/PokemonApp";
			};
			name = Release;
		};
		84A918F4282ADA0A005AB322 /* Debug */ = {
			isa = XCBuildConfiguration;
			baseConfigurationReference = D215DB2E1CB9485777D31793 /* Pods-PokemonApp-PokemonAppUITests.debug.xcconfig */;
			buildSettings = {
				ALWAYS_EMBED_SWIFT_STANDARD_LIBRARIES = YES;
				CODE_SIGN_STYLE = Automatic;
				CURRENT_PROJECT_VERSION = 1;
				DEVELOPMENT_TEAM = 9A52B5VDGU;
				GENERATE_INFOPLIST_FILE = YES;
				MARKETING_VERSION = 1.0;
				PRODUCT_BUNDLE_IDENTIFIER = com.PokemonApp.PokemonAppUITests;
				PRODUCT_NAME = "$(TARGET_NAME)";
				SWIFT_EMIT_LOC_STRINGS = NO;
				SWIFT_VERSION = 5.0;
				TARGETED_DEVICE_FAMILY = "1,2";
				TEST_TARGET_NAME = PokemonApp;
			};
			name = Debug;
		};
		84A918F5282ADA0A005AB322 /* Release */ = {
			isa = XCBuildConfiguration;
			baseConfigurationReference = B8935434F4A48ED92F39301B /* Pods-PokemonApp-PokemonAppUITests.release.xcconfig */;
			buildSettings = {
				ALWAYS_EMBED_SWIFT_STANDARD_LIBRARIES = YES;
				CODE_SIGN_STYLE = Automatic;
				CURRENT_PROJECT_VERSION = 1;
				DEVELOPMENT_TEAM = 9A52B5VDGU;
				GENERATE_INFOPLIST_FILE = YES;
				MARKETING_VERSION = 1.0;
				PRODUCT_BUNDLE_IDENTIFIER = com.PokemonApp.PokemonAppUITests;
				PRODUCT_NAME = "$(TARGET_NAME)";
				SWIFT_EMIT_LOC_STRINGS = NO;
				SWIFT_VERSION = 5.0;
				TARGETED_DEVICE_FAMILY = "1,2";
				TEST_TARGET_NAME = PokemonApp;
			};
			name = Release;
		};
/* End XCBuildConfiguration section */

/* Begin XCConfigurationList section */
		84A918C4282ADA08005AB322 /* Build configuration list for PBXProject "PokemonApp" */ = {
			isa = XCConfigurationList;
			buildConfigurations = (
				84A918EB282ADA0A005AB322 /* Debug */,
				84A918EC282ADA0A005AB322 /* Release */,
			);
			defaultConfigurationIsVisible = 0;
			defaultConfigurationName = Release;
		};
		84A918ED282ADA0A005AB322 /* Build configuration list for PBXNativeTarget "PokemonApp" */ = {
			isa = XCConfigurationList;
			buildConfigurations = (
				84A918EE282ADA0A005AB322 /* Debug */,
				84A918EF282ADA0A005AB322 /* Release */,
			);
			defaultConfigurationIsVisible = 0;
			defaultConfigurationName = Release;
		};
		84A918F0282ADA0A005AB322 /* Build configuration list for PBXNativeTarget "PokemonAppTests" */ = {
			isa = XCConfigurationList;
			buildConfigurations = (
				84A918F1282ADA0A005AB322 /* Debug */,
				84A918F2282ADA0A005AB322 /* Release */,
			);
			defaultConfigurationIsVisible = 0;
			defaultConfigurationName = Release;
		};
		84A918F3282ADA0A005AB322 /* Build configuration list for PBXNativeTarget "PokemonAppUITests" */ = {
			isa = XCConfigurationList;
			buildConfigurations = (
				84A918F4282ADA0A005AB322 /* Debug */,
				84A918F5282ADA0A005AB322 /* Release */,
			);
			defaultConfigurationIsVisible = 0;
			defaultConfigurationName = Release;
		};
/* End XCConfigurationList section */
	};
	rootObject = 84A918C1282ADA08005AB322 /* Project object */;
}
